// !$*UTF8*$!
{
	archiveVersion = 1;
	classes = {
	};
	objectVersion = 46;
	objects = {

/* Begin PBXBuildFile section */
		B00778311EC7ACF800695C9F /* Logger.swift in Sources */ = {isa = PBXBuildFile; fileRef = B00778301EC7ACF800695C9F /* Logger.swift */; };
		B00778331EC7B53B00695C9F /* IndividualDetails.swift in Sources */ = {isa = PBXBuildFile; fileRef = B00778321EC7B53B00695C9F /* IndividualDetails.swift */; };
		B015742F1EBC0C5B00108C7B /* AppDelegate.swift in Sources */ = {isa = PBXBuildFile; fileRef = B015742E1EBC0C5B00108C7B /* AppDelegate.swift */; };
		B01574311EBC0C5B00108C7B /* IndividualList.swift in Sources */ = {isa = PBXBuildFile; fileRef = B01574301EBC0C5B00108C7B /* IndividualList.swift */; };
		B01574341EBC0C5B00108C7B /* Main.storyboard in Resources */ = {isa = PBXBuildFile; fileRef = B01574321EBC0C5B00108C7B /* Main.storyboard */; };
		B01574361EBC0C5B00108C7B /* Assets.xcassets in Resources */ = {isa = PBXBuildFile; fileRef = B01574351EBC0C5B00108C7B /* Assets.xcassets */; };
		B01574391EBC0C5B00108C7B /* LaunchScreen.storyboard in Resources */ = {isa = PBXBuildFile; fileRef = B01574371EBC0C5B00108C7B /* LaunchScreen.storyboard */; };
		B01574471EBC0E2600108C7B /* JSON.swift in Sources */ = {isa = PBXBuildFile; fileRef = B01574461EBC0E2600108C7B /* JSON.swift */; };
		B01574491EBC100D00108C7B /* IndividualListDataSource.swift in Sources */ = {isa = PBXBuildFile; fileRef = B01574481EBC100D00108C7B /* IndividualListDataSource.swift */; };
		B015744B1EBC105800108C7B /* IndividualCell.swift in Sources */ = {isa = PBXBuildFile; fileRef = B015744A1EBC105800108C7B /* IndividualCell.swift */; };
		B015744D1EBC10D000108C7B /* Individual.swift in Sources */ = {isa = PBXBuildFile; fileRef = B015744C1EBC10D000108C7B /* Individual.swift */; };
		B015744F1EBC11F100108C7B /* Keys.swift in Sources */ = {isa = PBXBuildFile; fileRef = B015744E1EBC11F100108C7B /* Keys.swift */; };
		B01574511EBC1AE800108C7B /* Date+JSON.swift in Sources */ = {isa = PBXBuildFile; fileRef = B01574501EBC1AE800108C7B /* Date+JSON.swift */; };
		B0369A771EBC216900B163D2 /* Database.swift in Sources */ = {isa = PBXBuildFile; fileRef = B0369A761EBC216900B163D2 /* Database.swift */; };
		B0369A7F1EBEA80800B163D2 /* FileManager.swift in Sources */ = {isa = PBXBuildFile; fileRef = B0369A7E1EBEA80800B163D2 /* FileManager.swift */; };
		B0369A831EC09CA500B163D2 /* Strings.swift in Sources */ = {isa = PBXBuildFile; fileRef = B0369A821EC09CA500B163D2 /* Strings.swift */; };
		B0369A881EC0A0DC00B163D2 /* LoadIndividuals.swift in Sources */ = {isa = PBXBuildFile; fileRef = B0369A871EC0A0DC00B163D2 /* LoadIndividuals.swift */; };
		B0369A8A1EC0A1CA00B163D2 /* MockData.swift in Sources */ = {isa = PBXBuildFile; fileRef = B0369A891EC0A1CA00B163D2 /* MockData.swift */; };
		B0369A8E1EC0D64C00B163D2 /* Network.swift in Sources */ = {isa = PBXBuildFile; fileRef = B0369A8D1EC0D64C00B163D2 /* Network.swift */; };
/* End PBXBuildFile section */

/* Begin PBXFileReference section */
		B00778301EC7ACF800695C9F /* Logger.swift */ = {isa = PBXFileReference; fileEncoding = 4; lastKnownFileType = sourcecode.swift; path = Logger.swift; sourceTree = "<group>"; };
		B00778321EC7B53B00695C9F /* IndividualDetails.swift */ = {isa = PBXFileReference; fileEncoding = 4; lastKnownFileType = sourcecode.swift; path = IndividualDetails.swift; sourceTree = "<group>"; };
		B015742B1EBC0C5B00108C7B /* Interview.app */ = {isa = PBXFileReference; explicitFileType = wrapper.application; includeInIndex = 0; path = Interview.app; sourceTree = BUILT_PRODUCTS_DIR; };
		B015742E1EBC0C5B00108C7B /* AppDelegate.swift */ = {isa = PBXFileReference; lastKnownFileType = sourcecode.swift; path = AppDelegate.swift; sourceTree = "<group>"; };
		B01574301EBC0C5B00108C7B /* IndividualList.swift */ = {isa = PBXFileReference; lastKnownFileType = sourcecode.swift; path = IndividualList.swift; sourceTree = "<group>"; };
		B01574331EBC0C5B00108C7B /* Base */ = {isa = PBXFileReference; lastKnownFileType = file.storyboard; name = Base; path = Base.lproj/Main.storyboard; sourceTree = "<group>"; };
		B01574351EBC0C5B00108C7B /* Assets.xcassets */ = {isa = PBXFileReference; lastKnownFileType = folder.assetcatalog; path = Assets.xcassets; sourceTree = "<group>"; };
		B01574381EBC0C5B00108C7B /* Base */ = {isa = PBXFileReference; lastKnownFileType = file.storyboard; name = Base; path = Base.lproj/LaunchScreen.storyboard; sourceTree = "<group>"; };
		B01574461EBC0E2600108C7B /* JSON.swift */ = {isa = PBXFileReference; fileEncoding = 4; lastKnownFileType = sourcecode.swift; path = JSON.swift; sourceTree = "<group>"; };
		B01574481EBC100D00108C7B /* IndividualListDataSource.swift */ = {isa = PBXFileReference; fileEncoding = 4; lastKnownFileType = sourcecode.swift; path = IndividualListDataSource.swift; sourceTree = "<group>"; };
		B015744A1EBC105800108C7B /* IndividualCell.swift */ = {isa = PBXFileReference; fileEncoding = 4; lastKnownFileType = sourcecode.swift; path = IndividualCell.swift; sourceTree = "<group>"; };
		B015744C1EBC10D000108C7B /* Individual.swift */ = {isa = PBXFileReference; fileEncoding = 4; lastKnownFileType = sourcecode.swift; path = Individual.swift; sourceTree = "<group>"; };
		B015744E1EBC11F100108C7B /* Keys.swift */ = {isa = PBXFileReference; fileEncoding = 4; lastKnownFileType = sourcecode.swift; path = Keys.swift; sourceTree = "<group>"; };
		B01574501EBC1AE800108C7B /* Date+JSON.swift */ = {isa = PBXFileReference; fileEncoding = 4; lastKnownFileType = sourcecode.swift; path = "Date+JSON.swift"; sourceTree = "<group>"; };
		B0369A741EBC1DC900B163D2 /* Info.plist */ = {isa = PBXFileReference; fileEncoding = 4; lastKnownFileType = text.plist.xml; name = Info.plist; path = ../Info.plist; sourceTree = "<group>"; };
		B0369A761EBC216900B163D2 /* Database.swift */ = {isa = PBXFileReference; fileEncoding = 4; lastKnownFileType = sourcecode.swift; path = Database.swift; sourceTree = "<group>"; };
		B0369A7E1EBEA80800B163D2 /* FileManager.swift */ = {isa = PBXFileReference; fileEncoding = 4; lastKnownFileType = sourcecode.swift; path = FileManager.swift; sourceTree = "<group>"; };
		B0369A821EC09CA500B163D2 /* Strings.swift */ = {isa = PBXFileReference; fileEncoding = 4; lastKnownFileType = sourcecode.swift; path = Strings.swift; sourceTree = "<group>"; };
		B0369A871EC0A0DC00B163D2 /* LoadIndividuals.swift */ = {isa = PBXFileReference; fileEncoding = 4; lastKnownFileType = sourcecode.swift; path = LoadIndividuals.swift; sourceTree = "<group>"; };
		B0369A891EC0A1CA00B163D2 /* MockData.swift */ = {isa = PBXFileReference; fileEncoding = 4; lastKnownFileType = sourcecode.swift; path = MockData.swift; sourceTree = "<group>"; };
		B0369A8D1EC0D64C00B163D2 /* Network.swift */ = {isa = PBXFileReference; fileEncoding = 4; lastKnownFileType = sourcecode.swift; path = Network.swift; sourceTree = "<group>"; };
/* End PBXFileReference section */

/* Begin PBXFrameworksBuildPhase section */
		B01574281EBC0C5B00108C7B /* Frameworks */ = {
			isa = PBXFrameworksBuildPhase;
			buildActionMask = 2147483647;
			files = (
			);
			runOnlyForDeploymentPostprocessing = 0;
		};
/* End PBXFrameworksBuildPhase section */

/* Begin PBXGroup section */
		B007782F1EC7ACC100695C9F /* Logging */ = {
			isa = PBXGroup;
			children = (
				B00778301EC7ACF800695C9F /* Logger.swift */,
			);
			name = Logging;
			sourceTree = "<group>";
		};
		B01574221EBC0C5B00108C7B = {
			isa = PBXGroup;
			children = (
				B015742D1EBC0C5B00108C7B /* Interview */,
				B015742C1EBC0C5B00108C7B /* Products */,
			);
			sourceTree = "<group>";
		};
		B015742C1EBC0C5B00108C7B /* Products */ = {
			isa = PBXGroup;
			children = (
				B015742B1EBC0C5B00108C7B /* Interview.app */,
			);
			name = Products;
			sourceTree = "<group>";
		};
		B015742D1EBC0C5B00108C7B /* Interview */ = {
			isa = PBXGroup;
			children = (
				B015742E1EBC0C5B00108C7B /* AppDelegate.swift */,
				B01574401EBC0CBC00108C7B /* UI */,
				B01574411EBC0CD200108C7B /* Data */,
				B0369A861EC0A07E00B163D2 /* Commands */,
				B01574421EBC0CDE00108C7B /* Infrastructure */,
				B01574431EBC0D8D00108C7B /* Resources */,
				B01574441EBC0D9F00108C7B /* Frameworks */,
			);
			path = Interview;
			sourceTree = "<group>";
		};
		B01574401EBC0CBC00108C7B /* UI */ = {
			isa = PBXGroup;
			children = (
				B01574321EBC0C5B00108C7B /* Main.storyboard */,
				B01574301EBC0C5B00108C7B /* IndividualList.swift */,
				B015744A1EBC105800108C7B /* IndividualCell.swift */,
				B01574481EBC100D00108C7B /* IndividualListDataSource.swift */,
				B00778321EC7B53B00695C9F /* IndividualDetails.swift */,
			);
			path = UI;
			sourceTree = "<group>";
		};
		B01574411EBC0CD200108C7B /* Data */ = {
			isa = PBXGroup;
			children = (
				B0369A761EBC216900B163D2 /* Database.swift */,
				B015744C1EBC10D000108C7B /* Individual.swift */,
				B0369A8D1EC0D64C00B163D2 /* Network.swift */,
			);
			path = Data;
			sourceTree = "<group>";
		};
		B01574421EBC0CDE00108C7B /* Infrastructure */ = {
			isa = PBXGroup;
			children = (
				B0369A851EC09CBD00B163D2 /* Constants */,
				B0369A7D1EBEA7FA00B163D2 /* Extensions */,
				B007782F1EC7ACC100695C9F /* Logging */,
			);
			path = Infrastructure;
			sourceTree = "<group>";
		};
		B01574431EBC0D8D00108C7B /* Resources */ = {
			isa = PBXGroup;
			children = (
				B01574351EBC0C5B00108C7B /* Assets.xcassets */,
				B01574371EBC0C5B00108C7B /* LaunchScreen.storyboard */,
				B0369A741EBC1DC900B163D2 /* Info.plist */,
			);
			path = Resources;
			sourceTree = "<group>";
		};
		B01574441EBC0D9F00108C7B /* Frameworks */ = {
			isa = PBXGroup;
			children = (
				B01574451EBC0DBA00108C7B /* JSON */,
			);
			name = Frameworks;
			path = Vendor;
			sourceTree = "<group>";
		};
		B01574451EBC0DBA00108C7B /* JSON */ = {
			isa = PBXGroup;
			children = (
				B01574461EBC0E2600108C7B /* JSON.swift */,
			);
			name = JSON;
			sourceTree = "<group>";
		};
		B0369A7D1EBEA7FA00B163D2 /* Extensions */ = {
			isa = PBXGroup;
			children = (
				B01574501EBC1AE800108C7B /* Date+JSON.swift */,
				B0369A7E1EBEA80800B163D2 /* FileManager.swift */,
			);
			name = Extensions;
			sourceTree = "<group>";
		};
		B0369A851EC09CBD00B163D2 /* Constants */ = {
			isa = PBXGroup;
			children = (
				B015744E1EBC11F100108C7B /* Keys.swift */,
				B0369A821EC09CA500B163D2 /* Strings.swift */,
				B0369A891EC0A1CA00B163D2 /* MockData.swift */,
			);
			name = Constants;
			sourceTree = "<group>";
		};
		B0369A861EC0A07E00B163D2 /* Commands */ = {
			isa = PBXGroup;
			children = (
				B0369A871EC0A0DC00B163D2 /* LoadIndividuals.swift */,
			);
			path = Commands;
			sourceTree = "<group>";
		};
/* End PBXGroup section */

/* Begin PBXNativeTarget section */
		B015742A1EBC0C5B00108C7B /* Interview */ = {
			isa = PBXNativeTarget;
			buildConfigurationList = B015743D1EBC0C5B00108C7B /* Build configuration list for PBXNativeTarget "Interview" */;
			buildPhases = (
				B01574271EBC0C5B00108C7B /* Sources */,
				B01574281EBC0C5B00108C7B /* Frameworks */,
				B01574291EBC0C5B00108C7B /* Resources */,
			);
			buildRules = (
			);
			dependencies = (
			);
			name = Interview;
			productName = Interview;
			productReference = B015742B1EBC0C5B00108C7B /* Interview.app */;
			productType = "com.apple.product-type.application";
		};
/* End PBXNativeTarget section */

/* Begin PBXProject section */
		B01574231EBC0C5B00108C7B /* Project object */ = {
			isa = PBXProject;
			attributes = {
				LastSwiftUpdateCheck = 0830;
				LastUpgradeCheck = 0830;
				ORGANIZATIONNAME = "Day Logger, Inc.";
				TargetAttributes = {
					B015742A1EBC0C5B00108C7B = {
						CreatedOnToolsVersion = 8.3.2;
						DevelopmentTeam = 2NT8T636RJ;
						ProvisioningStyle = Automatic;
					};
				};
			};
			buildConfigurationList = B01574261EBC0C5B00108C7B /* Build configuration list for PBXProject "Interview" */;
			compatibilityVersion = "Xcode 3.2";
			developmentRegion = English;
			hasScannedForEncodings = 0;
			knownRegions = (
				en,
				Base,
			);
			mainGroup = B01574221EBC0C5B00108C7B;
			productRefGroup = B015742C1EBC0C5B00108C7B /* Products */;
			projectDirPath = "";
			projectRoot = "";
			targets = (
				B015742A1EBC0C5B00108C7B /* Interview */,
			);
		};
/* End PBXProject section */

/* Begin PBXResourcesBuildPhase section */
		B01574291EBC0C5B00108C7B /* Resources */ = {
			isa = PBXResourcesBuildPhase;
			buildActionMask = 2147483647;
			files = (
				B01574391EBC0C5B00108C7B /* LaunchScreen.storyboard in Resources */,
				B01574361EBC0C5B00108C7B /* Assets.xcassets in Resources */,
				B01574341EBC0C5B00108C7B /* Main.storyboard in Resources */,
			);
			runOnlyForDeploymentPostprocessing = 0;
		};
/* End PBXResourcesBuildPhase section */

/* Begin PBXSourcesBuildPhase section */
		B01574271EBC0C5B00108C7B /* Sources */ = {
			isa = PBXSourcesBuildPhase;
			buildActionMask = 2147483647;
			files = (
				B015744D1EBC10D000108C7B /* Individual.swift in Sources */,
				B00778331EC7B53B00695C9F /* IndividualDetails.swift in Sources */,
				B01574511EBC1AE800108C7B /* Date+JSON.swift in Sources */,
				B01574471EBC0E2600108C7B /* JSON.swift in Sources */,
				B01574491EBC100D00108C7B /* IndividualListDataSource.swift in Sources */,
				B015744B1EBC105800108C7B /* IndividualCell.swift in Sources */,
				B0369A8A1EC0A1CA00B163D2 /* MockData.swift in Sources */,
				B0369A7F1EBEA80800B163D2 /* FileManager.swift in Sources */,
				B0369A831EC09CA500B163D2 /* Strings.swift in Sources */,
				B015744F1EBC11F100108C7B /* Keys.swift in Sources */,
				B0369A771EBC216900B163D2 /* Database.swift in Sources */,
				B00778311EC7ACF800695C9F /* Logger.swift in Sources */,
				B01574311EBC0C5B00108C7B /* IndividualList.swift in Sources */,
				B015742F1EBC0C5B00108C7B /* AppDelegate.swift in Sources */,
				B0369A8E1EC0D64C00B163D2 /* Network.swift in Sources */,
				B0369A881EC0A0DC00B163D2 /* LoadIndividuals.swift in Sources */,
			);
			runOnlyForDeploymentPostprocessing = 0;
		};
/* End PBXSourcesBuildPhase section */

/* Begin PBXVariantGroup section */
		B01574321EBC0C5B00108C7B /* Main.storyboard */ = {
			isa = PBXVariantGroup;
			children = (
				B01574331EBC0C5B00108C7B /* Base */,
			);
			name = Main.storyboard;
			path = Interview;
			sourceTree = SOURCE_ROOT;
		};
		B01574371EBC0C5B00108C7B /* LaunchScreen.storyboard */ = {
			isa = PBXVariantGroup;
			children = (
				B01574381EBC0C5B00108C7B /* Base */,
			);
			name = LaunchScreen.storyboard;
			path = Interview;
			sourceTree = SOURCE_ROOT;
		};
/* End PBXVariantGroup section */

/* Begin XCBuildConfiguration section */
		B015743B1EBC0C5B00108C7B /* Debug */ = {
			isa = XCBuildConfiguration;
			buildSettings = {
				ALWAYS_SEARCH_USER_PATHS = NO;
				CLANG_ANALYZER_NONNULL = YES;
				CLANG_ANALYZER_NUMBER_OBJECT_CONVERSION = YES_AGGRESSIVE;
				CLANG_CXX_LANGUAGE_STANDARD = "gnu++0x";
				CLANG_CXX_LIBRARY = "libc++";
				CLANG_ENABLE_MODULES = YES;
				CLANG_ENABLE_OBJC_ARC = YES;
				CLANG_WARN_BOOL_CONVERSION = YES;
				CLANG_WARN_CONSTANT_CONVERSION = YES;
				CLANG_WARN_DIRECT_OBJC_ISA_USAGE = YES_ERROR;
				CLANG_WARN_DOCUMENTATION_COMMENTS = YES;
				CLANG_WARN_EMPTY_BODY = YES;
				CLANG_WARN_ENUM_CONVERSION = YES;
				CLANG_WARN_INFINITE_RECURSION = YES;
				CLANG_WARN_INT_CONVERSION = YES;
				CLANG_WARN_OBJC_ROOT_CLASS = YES_ERROR;
				CLANG_WARN_SUSPICIOUS_MOVE = YES;
				CLANG_WARN_UNREACHABLE_CODE = YES;
				CLANG_WARN__DUPLICATE_METHOD_MATCH = YES;
				"CODE_SIGN_IDENTITY[sdk=iphoneos*]" = "iPhone Developer";
				COPY_PHASE_STRIP = NO;
				DEBUG_INFORMATION_FORMAT = dwarf;
				ENABLE_STRICT_OBJC_MSGSEND = YES;
				ENABLE_TESTABILITY = YES;
				GCC_C_LANGUAGE_STANDARD = gnu99;
				GCC_DYNAMIC_NO_PIC = NO;
				GCC_NO_COMMON_BLOCKS = YES;
				GCC_OPTIMIZATION_LEVEL = 0;
				GCC_PREPROCESSOR_DEFINITIONS = (
					"DEBUG=1",
					"$(inherited)",
				);
				GCC_WARN_64_TO_32_BIT_CONVERSION = YES;
				GCC_WARN_ABOUT_RETURN_TYPE = YES_ERROR;
				GCC_WARN_UNDECLARED_SELECTOR = YES;
				GCC_WARN_UNINITIALIZED_AUTOS = YES_AGGRESSIVE;
				GCC_WARN_UNUSED_FUNCTION = YES;
				GCC_WARN_UNUSED_VARIABLE = YES;
				IPHONEOS_DEPLOYMENT_TARGET = 10.3;
				MTL_ENABLE_DEBUG_INFO = YES;
				ONLY_ACTIVE_ARCH = YES;
				SDKROOT = iphoneos;
				SWIFT_ACTIVE_COMPILATION_CONDITIONS = DEBUG;
				SWIFT_OPTIMIZATION_LEVEL = "-Onone";
				TARGETED_DEVICE_FAMILY = "1,2";
			};
			name = Debug;
		};
		B015743C1EBC0C5B00108C7B /* Release */ = {
			isa = XCBuildConfiguration;
			buildSettings = {
				ALWAYS_SEARCH_USER_PATHS = NO;
				CLANG_ANALYZER_NONNULL = YES;
				CLANG_ANALYZER_NUMBER_OBJECT_CONVERSION = YES_AGGRESSIVE;
				CLANG_CXX_LANGUAGE_STANDARD = "gnu++0x";
				CLANG_CXX_LIBRARY = "libc++";
				CLANG_ENABLE_MODULES = YES;
				CLANG_ENABLE_OBJC_ARC = YES;
				CLANG_WARN_BOOL_CONVERSION = YES;
				CLANG_WARN_CONSTANT_CONVERSION = YES;
				CLANG_WARN_DIRECT_OBJC_ISA_USAGE = YES_ERROR;
				CLANG_WARN_DOCUMENTATION_COMMENTS = YES;
				CLANG_WARN_EMPTY_BODY = YES;
				CLANG_WARN_ENUM_CONVERSION = YES;
				CLANG_WARN_INFINITE_RECURSION = YES;
				CLANG_WARN_INT_CONVERSION = YES;
				CLANG_WARN_OBJC_ROOT_CLASS = YES_ERROR;
				CLANG_WARN_SUSPICIOUS_MOVE = YES;
				CLANG_WARN_UNREACHABLE_CODE = YES;
				CLANG_WARN__DUPLICATE_METHOD_MATCH = YES;
				"CODE_SIGN_IDENTITY[sdk=iphoneos*]" = "iPhone Developer";
				COPY_PHASE_STRIP = NO;
				DEBUG_INFORMATION_FORMAT = "dwarf-with-dsym";
				ENABLE_NS_ASSERTIONS = NO;
				ENABLE_STRICT_OBJC_MSGSEND = YES;
				GCC_C_LANGUAGE_STANDARD = gnu99;
				GCC_NO_COMMON_BLOCKS = YES;
				GCC_WARN_64_TO_32_BIT_CONVERSION = YES;
				GCC_WARN_ABOUT_RETURN_TYPE = YES_ERROR;
				GCC_WARN_UNDECLARED_SELECTOR = YES;
				GCC_WARN_UNINITIALIZED_AUTOS = YES_AGGRESSIVE;
				GCC_WARN_UNUSED_FUNCTION = YES;
				GCC_WARN_UNUSED_VARIABLE = YES;
				IPHONEOS_DEPLOYMENT_TARGET = 10.3;
				MTL_ENABLE_DEBUG_INFO = NO;
				SDKROOT = iphoneos;
				SWIFT_OPTIMIZATION_LEVEL = "-Owholemodule";
				TARGETED_DEVICE_FAMILY = "1,2";
				VALIDATE_PRODUCT = YES;
			};
			name = Release;
		};
		B015743E1EBC0C5B00108C7B /* Debug */ = {
			isa = XCBuildConfiguration;
			buildSettings = {
				ASSETCATALOG_COMPILER_APPICON_NAME = AppIcon;
				DEVELOPMENT_TEAM = 2NT8T636RJ;
				INFOPLIST_FILE = Interview/Info.plist;
				LD_RUNPATH_SEARCH_PATHS = "$(inherited) @executable_path/Frameworks";
				PRODUCT_BUNDLE_IDENTIFIER = com.timshadel.Interview;
				PRODUCT_NAME = "$(TARGET_NAME)";
				SWIFT_VERSION = 3.0;
			};
			name = Debug;
		};
		B015743F1EBC0C5B00108C7B /* Release */ = {
			isa = XCBuildConfiguration;
			buildSettings = {
				ASSETCATALOG_COMPILER_APPICON_NAME = AppIcon;
				DEVELOPMENT_TEAM = 2NT8T636RJ;
				INFOPLIST_FILE = Interview/Info.plist;
				LD_RUNPATH_SEARCH_PATHS = "$(inherited) @executable_path/Frameworks";
				PRODUCT_BUNDLE_IDENTIFIER = com.timshadel.Interview;
				PRODUCT_NAME = "$(TARGET_NAME)";
				SWIFT_VERSION = 3.0;
			};
			name = Release;
		};
/* End XCBuildConfiguration section */

/* Begin XCConfigurationList section */
		B01574261EBC0C5B00108C7B /* Build configuration list for PBXProject "Interview" */ = {
			isa = XCConfigurationList;
			buildConfigurations = (
				B015743B1EBC0C5B00108C7B /* Debug */,
				B015743C1EBC0C5B00108C7B /* Release */,
			);
			defaultConfigurationIsVisible = 0;
			defaultConfigurationName = Release;
		};
		B015743D1EBC0C5B00108C7B /* Build configuration list for PBXNativeTarget "Interview" */ = {
			isa = XCConfigurationList;
			buildConfigurations = (
				B015743E1EBC0C5B00108C7B /* Debug */,
				B015743F1EBC0C5B00108C7B /* Release */,
			);
			defaultConfigurationIsVisible = 0;
			defaultConfigurationName = Release;
		};
/* End XCConfigurationList section */
	};
	rootObject = B01574231EBC0C5B00108C7B /* Project object */;
}
